
Microsoft Visual Studio Solution File, Format Version 12.00
# Visual Studio Version 17
VisualStudioVersion = 17.11.35327.3
MinimumVisualStudioVersion = 10.0.40219.1
Project("{FAE04EC0-301F-11D3-BF4B-00C04F79EFBC}") = "samos", "samos\samos.csproj", "{92AB03AE-432D-46DE-A225-1EC94E8A131A}"
EndProject
Global
	GlobalSection(SolutionConfigurationPlatforms) = preSolution
		Debug|Any CPU = Debug|Any CPU
		Release|Any CPU = Release|Any CPU
	EndGlobalSection
	GlobalSection(ProjectConfigurationPlatforms) = postSolution
		{92AB03AE-432D-46DE-A225-1EC94E8A131A}.Debug|Any CPU.ActiveCfg = Debug|Any CPU
		{92AB03AE-432D-46DE-A225-1EC94E8A131A}.Debug|Any CPU.Build.0 = Debug|Any CPU
		{92AB03AE-432D-46DE-A225-1EC94E8A131A}.Release|Any CPU.ActiveCfg = Release|Any CPU
		{92AB03AE-432D-46DE-A225-1EC94E8A131A}.Release|Any CPU.Build.0 = Release|Any CPU
	EndGlobalSection
	GlobalSection(SolutionProperties) = preSolution
		HideSolutionNode = FALSE
	EndGlobalSection
	GlobalSection(ExtensibilityGlobals) = postSolution
		SolutionGuid = {045A7678-29CE-4AA3-9900-C0ED5FE04703}
	EndGlobalSection
EndGlobal
